// !$*UTF8*$!
{
	archiveVersion = 1;
	classes = {
	};
	objectVersion = 46;
	objects = {

/* Begin PBXBuildFile section */
		AE2D76BB1BF1414000BC2A1A /* Playlist.swift in Sources */ = {isa = PBXBuildFile; fileRef = AE2D76BA1BF1414000BC2A1A /* Playlist.swift */; };
		AE9D8A461BEBED08007AFF46 /* MusicLibrary.swift in Sources */ = {isa = PBXBuildFile; fileRef = AE9D8A451BEBED08007AFF46 /* MusicLibrary.swift */; };
		AEC356A21BC824B2004D08F1 /* AppDelegate.swift in Sources */ = {isa = PBXBuildFile; fileRef = AEC356A11BC824B2004D08F1 /* AppDelegate.swift */; };
		AEC356A41BC824B2004D08F1 /* PlaylistMasterViewController.swift in Sources */ = {isa = PBXBuildFile; fileRef = AEC356A31BC824B2004D08F1 /* PlaylistMasterViewController.swift */; };
		AEC356A71BC824B2004D08F1 /* Main.storyboard in Resources */ = {isa = PBXBuildFile; fileRef = AEC356A51BC824B2004D08F1 /* Main.storyboard */; };
		AEC356A91BC824B2004D08F1 /* Assets.xcassets in Resources */ = {isa = PBXBuildFile; fileRef = AEC356A81BC824B2004D08F1 /* Assets.xcassets */; };
		AEC356AC1BC824B2004D08F1 /* LaunchScreen.storyboard in Resources */ = {isa = PBXBuildFile; fileRef = AEC356AA1BC824B2004D08F1 /* LaunchScreen.storyboard */; };
		AEC356B71BC824B2004D08F1 /* AlgorythmTests.swift in Sources */ = {isa = PBXBuildFile; fileRef = AEC356B61BC824B2004D08F1 /* AlgorythmTests.swift */; };
		AEC356C21BC824B2004D08F1 /* AlgorythmUITests.swift in Sources */ = {isa = PBXBuildFile; fileRef = AEC356C11BC824B2004D08F1 /* AlgorythmUITests.swift */; };
		AEC356D21BC82906004D08F1 /* PlaylistDetailViewController.swift in Sources */ = {isa = PBXBuildFile; fileRef = AEC356D11BC82906004D08F1 /* PlaylistDetailViewController.swift */; };
/* End PBXBuildFile section */

/* Begin PBXContainerItemProxy section */
		AEC356B31BC824B2004D08F1 /* PBXContainerItemProxy */ = {
			isa = PBXContainerItemProxy;
			containerPortal = AEC356961BC824B2004D08F1 /* Project object */;
			proxyType = 1;
			remoteGlobalIDString = AEC3569D1BC824B2004D08F1;
			remoteInfo = Algorythm;
		};
		AEC356BE1BC824B2004D08F1 /* PBXContainerItemProxy */ = {
			isa = PBXContainerItemProxy;
			containerPortal = AEC356961BC824B2004D08F1 /* Project object */;
			proxyType = 1;
			remoteGlobalIDString = AEC3569D1BC824B2004D08F1;
			remoteInfo = Algorythm;
		};
/* End PBXContainerItemProxy section */

/* Begin PBXFileReference section */
		AE2D76BA1BF1414000BC2A1A /* Playlist.swift */ = {isa = PBXFileReference; fileEncoding = 4; lastKnownFileType = sourcecode.swift; path = Playlist.swift; sourceTree = "<group>"; };
		AE9D8A451BEBED08007AFF46 /* MusicLibrary.swift */ = {isa = PBXFileReference; fileEncoding = 4; lastKnownFileType = sourcecode.swift; path = MusicLibrary.swift; sourceTree = "<group>"; };
		AEC3569E1BC824B2004D08F1 /* Algorythm.app */ = {isa = PBXFileReference; explicitFileType = wrapper.application; includeInIndex = 0; path = Algorythm.app; sourceTree = BUILT_PRODUCTS_DIR; };
		AEC356A11BC824B2004D08F1 /* AppDelegate.swift */ = {isa = PBXFileReference; lastKnownFileType = sourcecode.swift; path = AppDelegate.swift; sourceTree = "<group>"; };
		AEC356A31BC824B2004D08F1 /* PlaylistMasterViewController.swift */ = {isa = PBXFileReference; lastKnownFileType = sourcecode.swift; path = PlaylistMasterViewController.swift; sourceTree = "<group>"; };
		AEC356A61BC824B2004D08F1 /* Base */ = {isa = PBXFileReference; lastKnownFileType = file.storyboard; name = Base; path = Base.lproj/Main.storyboard; sourceTree = "<group>"; };
		AEC356A81BC824B2004D08F1 /* Assets.xcassets */ = {isa = PBXFileReference; lastKnownFileType = folder.assetcatalog; path = Assets.xcassets; sourceTree = "<group>"; };
		AEC356AB1BC824B2004D08F1 /* Base */ = {isa = PBXFileReference; lastKnownFileType = file.storyboard; name = Base; path = Base.lproj/LaunchScreen.storyboard; sourceTree = "<group>"; };
		AEC356AD1BC824B2004D08F1 /* Info.plist */ = {isa = PBXFileReference; lastKnownFileType = text.plist.xml; path = Info.plist; sourceTree = "<group>"; };
		AEC356B21BC824B2004D08F1 /* AlgorythmTests.xctest */ = {isa = PBXFileReference; explicitFileType = wrapper.cfbundle; includeInIndex = 0; path = AlgorythmTests.xctest; sourceTree = BUILT_PRODUCTS_DIR; };
		AEC356B61BC824B2004D08F1 /* AlgorythmTests.swift */ = {isa = PBXFileReference; lastKnownFileType = sourcecode.swift; path = AlgorythmTests.swift; sourceTree = "<group>"; };
		AEC356B81BC824B2004D08F1 /* Info.plist */ = {isa = PBXFileReference; lastKnownFileType = text.plist.xml; path = Info.plist; sourceTree = "<group>"; };
		AEC356BD1BC824B2004D08F1 /* AlgorythmUITests.xctest */ = {isa = PBXFileReference; explicitFileType = wrapper.cfbundle; includeInIndex = 0; path = AlgorythmUITests.xctest; sourceTree = BUILT_PRODUCTS_DIR; };
		AEC356C11BC824B2004D08F1 /* AlgorythmUITests.swift */ = {isa = PBXFileReference; lastKnownFileType = sourcecode.swift; path = AlgorythmUITests.swift; sourceTree = "<group>"; };
		AEC356C31BC824B2004D08F1 /* Info.plist */ = {isa = PBXFileReference; lastKnownFileType = text.plist.xml; path = Info.plist; sourceTree = "<group>"; };
		AEC356D11BC82906004D08F1 /* PlaylistDetailViewController.swift */ = {isa = PBXFileReference; fileEncoding = 4; lastKnownFileType = sourcecode.swift; name = PlaylistDetailViewController.swift; path = ../PlaylistDetailViewController.swift; sourceTree = "<group>"; };
/* End PBXFileReference section */

/* Begin PBXFrameworksBuildPhase section */
		AEC3569B1BC824B2004D08F1 /* Frameworks */ = {
			isa = PBXFrameworksBuildPhase;
			buildActionMask = 2147483647;
			files = (
			);
			runOnlyForDeploymentPostprocessing = 0;
		};
		AEC356AF1BC824B2004D08F1 /* Frameworks */ = {
			isa = PBXFrameworksBuildPhase;
			buildActionMask = 2147483647;
			files = (
			);
			runOnlyForDeploymentPostprocessing = 0;
		};
		AEC356BA1BC824B2004D08F1 /* Frameworks */ = {
			isa = PBXFrameworksBuildPhase;
			buildActionMask = 2147483647;
			files = (
			);
			runOnlyForDeploymentPostprocessing = 0;
		};
/* End PBXFrameworksBuildPhase section */

/* Begin PBXGroup section */
		AEC356951BC824B2004D08F1 = {
			isa = PBXGroup;
			children = (
				AEC356A01BC824B2004D08F1 /* Algorythm */,
				AEC356B51BC824B2004D08F1 /* AlgorythmTests */,
				AEC356C01BC824B2004D08F1 /* AlgorythmUITests */,
				AEC3569F1BC824B2004D08F1 /* Products */,
			);
			sourceTree = "<group>";
		};
		AEC3569F1BC824B2004D08F1 /* Products */ = {
			isa = PBXGroup;
			children = (
				AEC3569E1BC824B2004D08F1 /* Algorythm.app */,
				AEC356B21BC824B2004D08F1 /* AlgorythmTests.xctest */,
				AEC356BD1BC824B2004D08F1 /* AlgorythmUITests.xctest */,
			);
			name = Products;
			sourceTree = "<group>";
		};
		AEC356A01BC824B2004D08F1 /* Algorythm */ = {
			isa = PBXGroup;
			children = (
				AEC356A11BC824B2004D08F1 /* AppDelegate.swift */,
				AEC356A31BC824B2004D08F1 /* PlaylistMasterViewController.swift */,
				AEC356D11BC82906004D08F1 /* PlaylistDetailViewController.swift */,
				AEC356A51BC824B2004D08F1 /* Main.storyboard */,
				AE9D8A451BEBED08007AFF46 /* MusicLibrary.swift */,
				AE2D76BA1BF1414000BC2A1A /* Playlist.swift */,
				AEC356A81BC824B2004D08F1 /* Assets.xcassets */,
				AEC356AA1BC824B2004D08F1 /* LaunchScreen.storyboard */,
				AEC356AD1BC824B2004D08F1 /* Info.plist */,
			);
			path = Algorythm;
			sourceTree = "<group>";
		};
		AEC356B51BC824B2004D08F1 /* AlgorythmTests */ = {
			isa = PBXGroup;
			children = (
				AEC356B61BC824B2004D08F1 /* AlgorythmTests.swift */,
				AEC356B81BC824B2004D08F1 /* Info.plist */,
			);
			path = AlgorythmTests;
			sourceTree = "<group>";
		};
		AEC356C01BC824B2004D08F1 /* AlgorythmUITests */ = {
			isa = PBXGroup;
			children = (
				AEC356C11BC824B2004D08F1 /* AlgorythmUITests.swift */,
				AEC356C31BC824B2004D08F1 /* Info.plist */,
			);
			path = AlgorythmUITests;
			sourceTree = "<group>";
		};
/* End PBXGroup section */

/* Begin PBXNativeTarget section */
		AEC3569D1BC824B2004D08F1 /* Algorythm */ = {
			isa = PBXNativeTarget;
			buildConfigurationList = AEC356C61BC824B2004D08F1 /* Build configuration list for PBXNativeTarget "Algorythm" */;
			buildPhases = (
				AEC3569A1BC824B2004D08F1 /* Sources */,
				AEC3569B1BC824B2004D08F1 /* Frameworks */,
				AEC3569C1BC824B2004D08F1 /* Resources */,
			);
			buildRules = (
			);
			dependencies = (
			);
			name = Algorythm;
			productName = Algorythm;
			productReference = AEC3569E1BC824B2004D08F1 /* Algorythm.app */;
			productType = "com.apple.product-type.application";
		};
		AEC356B11BC824B2004D08F1 /* AlgorythmTests */ = {
			isa = PBXNativeTarget;
			buildConfigurationList = AEC356C91BC824B2004D08F1 /* Build configuration list for PBXNativeTarget "AlgorythmTests" */;
			buildPhases = (
				AEC356AE1BC824B2004D08F1 /* Sources */,
				AEC356AF1BC824B2004D08F1 /* Frameworks */,
				AEC356B01BC824B2004D08F1 /* Resources */,
			);
			buildRules = (
			);
			dependencies = (
				AEC356B41BC824B2004D08F1 /* PBXTargetDependency */,
			);
			name = AlgorythmTests;
			productName = AlgorythmTests;
			productReference = AEC356B21BC824B2004D08F1 /* AlgorythmTests.xctest */;
			productType = "com.apple.product-type.bundle.unit-test";
		};
		AEC356BC1BC824B2004D08F1 /* AlgorythmUITests */ = {
			isa = PBXNativeTarget;
			buildConfigurationList = AEC356CC1BC824B2004D08F1 /* Build configuration list for PBXNativeTarget "AlgorythmUITests" */;
			buildPhases = (
				AEC356B91BC824B2004D08F1 /* Sources */,
				AEC356BA1BC824B2004D08F1 /* Frameworks */,
				AEC356BB1BC824B2004D08F1 /* Resources */,
			);
			buildRules = (
			);
			dependencies = (
				AEC356BF1BC824B2004D08F1 /* PBXTargetDependency */,
			);
			name = AlgorythmUITests;
			productName = AlgorythmUITests;
			productReference = AEC356BD1BC824B2004D08F1 /* AlgorythmUITests.xctest */;
			productType = "com.apple.product-type.bundle.ui-testing";
		};
/* End PBXNativeTarget section */

/* Begin PBXProject section */
		AEC356961BC824B2004D08F1 /* Project object */ = {
			isa = PBXProject;
			attributes = {
				LastUpgradeCheck = 0700;
				ORGANIZATIONNAME = pinej;
				TargetAttributes = {
					AEC3569D1BC824B2004D08F1 = {
						CreatedOnToolsVersion = 7.0.1;
						DevelopmentTeam = TH33V5EXTB;
					};
					AEC356B11BC824B2004D08F1 = {
						CreatedOnToolsVersion = 7.0.1;
						DevelopmentTeam = TH33V5EXTB;
						TestTargetID = AEC3569D1BC824B2004D08F1;
					};
					AEC356BC1BC824B2004D08F1 = {
						CreatedOnToolsVersion = 7.0.1;
						DevelopmentTeam = TH33V5EXTB;
						TestTargetID = AEC3569D1BC824B2004D08F1;
					};
				};
			};
			buildConfigurationList = AEC356991BC824B2004D08F1 /* Build configuration list for PBXProject "Algorythm" */;
			compatibilityVersion = "Xcode 3.2";
			developmentRegion = English;
			hasScannedForEncodings = 0;
			knownRegions = (
				en,
				Base,
			);
			mainGroup = AEC356951BC824B2004D08F1;
			productRefGroup = AEC3569F1BC824B2004D08F1 /* Products */;
			projectDirPath = "";
			projectRoot = "";
			targets = (
				AEC3569D1BC824B2004D08F1 /* Algorythm */,
				AEC356B11BC824B2004D08F1 /* AlgorythmTests */,
				AEC356BC1BC824B2004D08F1 /* AlgorythmUITests */,
			);
		};
/* End PBXProject section */

/* Begin PBXResourcesBuildPhase section */
		AEC3569C1BC824B2004D08F1 /* Resources */ = {
			isa = PBXResourcesBuildPhase;
			buildActionMask = 2147483647;
			files = (
				AEC356AC1BC824B2004D08F1 /* LaunchScreen.storyboard in Resources */,
				AEC356A91BC824B2004D08F1 /* Assets.xcassets in Resources */,
				AEC356A71BC824B2004D08F1 /* Main.storyboard in Resources */,
			);
			runOnlyForDeploymentPostprocessing = 0;
		};
		AEC356B01BC824B2004D08F1 /* Resources */ = {
			isa = PBXResourcesBuildPhase;
			buildActionMask = 2147483647;
			files = (
			);
			runOnlyForDeploymentPostprocessing = 0;
		};
		AEC356BB1BC824B2004D08F1 /* Resources */ = {
			isa = PBXResourcesBuildPhase;
			buildActionMask = 2147483647;
			files = (
			);
			runOnlyForDeploymentPostprocessing = 0;
		};
/* End PBXResourcesBuildPhase section */

/* Begin PBXSourcesBuildPhase section */
		AEC3569A1BC824B2004D08F1 /* Sources */ = {
			isa = PBXSourcesBuildPhase;
			buildActionMask = 2147483647;
			files = (
				AEC356D21BC82906004D08F1 /* PlaylistDetailViewController.swift in Sources */,
				AEC356A41BC824B2004D08F1 /* PlaylistMasterViewController.swift in Sources */,
				AEC356A21BC824B2004D08F1 /* AppDelegate.swift in Sources */,
				AE9D8A461BEBED08007AFF46 /* MusicLibrary.swift in Sources */,
				AE2D76BB1BF1414000BC2A1A /* Playlist.swift in Sources */,
			);
			runOnlyForDeploymentPostprocessing = 0;
		};
		AEC356AE1BC824B2004D08F1 /* Sources */ = {
			isa = PBXSourcesBuildPhase;
			buildActionMask = 2147483647;
			files = (
				AEC356B71BC824B2004D08F1 /* AlgorythmTests.swift in Sources */,
			);
			runOnlyForDeploymentPostprocessing = 0;
		};
		AEC356B91BC824B2004D08F1 /* Sources */ = {
			isa = PBXSourcesBuildPhase;
			buildActionMask = 2147483647;
			files = (
				AEC356C21BC824B2004D08F1 /* AlgorythmUITests.swift in Sources */,
			);
			runOnlyForDeploymentPostprocessing = 0;
		};
/* End PBXSourcesBuildPhase section */

/* Begin PBXTargetDependency section */
		AEC356B41BC824B2004D08F1 /* PBXTargetDependency */ = {
			isa = PBXTargetDependency;
			target = AEC3569D1BC824B2004D08F1 /* Algorythm */;
			targetProxy = AEC356B31BC824B2004D08F1 /* PBXContainerItemProxy */;
		};
		AEC356BF1BC824B2004D08F1 /* PBXTargetDependency */ = {
			isa = PBXTargetDependency;
			target = AEC3569D1BC824B2004D08F1 /* Algorythm */;
			targetProxy = AEC356BE1BC824B2004D08F1 /* PBXContainerItemProxy */;
		};
/* End PBXTargetDependency section */

/* Begin PBXVariantGroup section */
		AEC356A51BC824B2004D08F1 /* Main.storyboard */ = {
			isa = PBXVariantGroup;
			children = (
				AEC356A61BC824B2004D08F1 /* Base */,
			);
			name = Main.storyboard;
			sourceTree = "<group>";
		};
		AEC356AA1BC824B2004D08F1 /* LaunchScreen.storyboard */ = {
			isa = PBXVariantGroup;
			children = (
				AEC356AB1BC824B2004D08F1 /* Base */,
			);
			name = LaunchScreen.storyboard;
			sourceTree = "<group>";
		};
/* End PBXVariantGroup section */

/* Begin XCBuildConfiguration section */
		AEC356C41BC824B2004D08F1 /* Debug */ = {
			isa = XCBuildConfiguration;
			buildSettings = {
				ALWAYS_SEARCH_USER_PATHS = NO;
				CLANG_CXX_LANGUAGE_STANDARD = "gnu++0x";
				CLANG_CXX_LIBRARY = "libc++";
				CLANG_ENABLE_MODULES = YES;
				CLANG_ENABLE_OBJC_ARC = YES;
				CLANG_WARN_BOOL_CONVERSION = YES;
				CLANG_WARN_CONSTANT_CONVERSION = YES;
				CLANG_WARN_DIRECT_OBJC_ISA_USAGE = YES_ERROR;
				CLANG_WARN_EMPTY_BODY = YES;
				CLANG_WARN_ENUM_CONVERSION = YES;
				CLANG_WARN_INT_CONVERSION = YES;
				CLANG_WARN_OBJC_ROOT_CLASS = YES_ERROR;
				CLANG_WARN_UNREACHABLE_CODE = YES;
				CLANG_WARN__DUPLICATE_METHOD_MATCH = YES;
				"CODE_SIGN_IDENTITY[sdk=iphoneos*]" = "iPhone Developer";
				COPY_PHASE_STRIP = NO;
				DEBUG_INFORMATION_FORMAT = dwarf;
				ENABLE_STRICT_OBJC_MSGSEND = YES;
				ENABLE_TESTABILITY = YES;
				GCC_C_LANGUAGE_STANDARD = gnu99;
				GCC_DYNAMIC_NO_PIC = NO;
				GCC_NO_COMMON_BLOCKS = YES;
				GCC_OPTIMIZATION_LEVEL = 0;
				GCC_PREPROCESSOR_DEFINITIONS = (
					"DEBUG=1",
					"$(inherited)",
				);
				GCC_WARN_64_TO_32_BIT_CONVERSION = YES;
				GCC_WARN_ABOUT_RETURN_TYPE = YES_ERROR;
				GCC_WARN_UNDECLARED_SELECTOR = YES;
				GCC_WARN_UNINITIALIZED_AUTOS = YES_AGGRESSIVE;
				GCC_WARN_UNUSED_FUNCTION = YES;
				GCC_WARN_UNUSED_VARIABLE = YES;
				IPHONEOS_DEPLOYMENT_TARGET = 9.0;
				MTL_ENABLE_DEBUG_INFO = YES;
				ONLY_ACTIVE_ARCH = YES;
				SDKROOT = iphoneos;
				SWIFT_OPTIMIZATION_LEVEL = "-Onone";
			};
			name = Debug;
		};
		AEC356C51BC824B2004D08F1 /* Release */ = {
			isa = XCBuildConfiguration;
			buildSettings = {
				ALWAYS_SEARCH_USER_PATHS = NO;
				CLANG_CXX_LANGUAGE_STANDARD = "gnu++0x";
				CLANG_CXX_LIBRARY = "libc++";
				CLANG_ENABLE_MODULES = YES;
				CLANG_ENABLE_OBJC_ARC = YES;
				CLANG_WARN_BOOL_CONVERSION = YES;
				CLANG_WARN_CONSTANT_CONVERSION = YES;
				CLANG_WARN_DIRECT_OBJC_ISA_USAGE = YES_ERROR;
				CLANG_WARN_EMPTY_BODY = YES;
				CLANG_WARN_ENUM_CONVERSION = YES;
				CLANG_WARN_INT_CONVERSION = YES;
				CLANG_WARN_OBJC_ROOT_CLASS = YES_ERROR;
				CLANG_WARN_UNREACHABLE_CODE = YES;
				CLANG_WARN__DUPLICATE_METHOD_MATCH = YES;
				"CODE_SIGN_IDENTITY[sdk=iphoneos*]" = "iPhone Developer";
				COPY_PHASE_STRIP = NO;
				DEBUG_INFORMATION_FORMAT = "dwarf-with-dsym";
				ENABLE_NS_ASSERTIONS = NO;
				ENABLE_STRICT_OBJC_MSGSEND = YES;
				GCC_C_LANGUAGE_STANDARD = gnu99;
				GCC_NO_COMMON_BLOCKS = YES;
				GCC_WARN_64_TO_32_BIT_CONVERSION = YES;
				GCC_WARN_ABOUT_RETURN_TYPE = YES_ERROR;
				GCC_WARN_UNDECLARED_SELECTOR = YES;
				GCC_WARN_UNINITIALIZED_AUTOS = YES_AGGRESSIVE;
				GCC_WARN_UNUSED_FUNCTION = YES;
				GCC_WARN_UNUSED_VARIABLE = YES;
				IPHONEOS_DEPLOYMENT_TARGET = 9.0;
				MTL_ENABLE_DEBUG_INFO = NO;
				SDKROOT = iphoneos;
				VALIDATE_PRODUCT = YES;
			};
			name = Release;
		};
		AEC356C71BC824B2004D08F1 /* Debug */ = {
			isa = XCBuildConfiguration;
			buildSettings = {
				ASSETCATALOG_COMPILER_APPICON_NAME = AppIcon;
				INFOPLIST_FILE = Algorythm/Info.plist;
				LD_RUNPATH_SEARCH_PATHS = "$(inherited) @executable_path/Frameworks";
				PRODUCT_BUNDLE_IDENTIFIER = com.pinej.Algorythm;
				PRODUCT_NAME = "$(TARGET_NAME)";
			};
			name = Debug;
		};
		AEC356C81BC824B2004D08F1 /* Release */ = {
			isa = XCBuildConfiguration;
			buildSettings = {
				ASSETCATALOG_COMPILER_APPICON_NAME = AppIcon;
				INFOPLIST_FILE = Algorythm/Info.plist;
				LD_RUNPATH_SEARCH_PATHS = "$(inherited) @executable_path/Frameworks";
				PRODUCT_BUNDLE_IDENTIFIER = com.pinej.Algorythm;
				PRODUCT_NAME = "$(TARGET_NAME)";
			};
			name = Release;
		};
		AEC356CA1BC824B2004D08F1 /* Debug */ = {
			isa = XCBuildConfiguration;
			buildSettings = {
				BUNDLE_LOADER = "$(TEST_HOST)";
				INFOPLIST_FILE = AlgorythmTests/Info.plist;
				LD_RUNPATH_SEARCH_PATHS = "$(inherited) @executable_path/Frameworks @loader_path/Frameworks";
				PRODUCT_BUNDLE_IDENTIFIER = com.pinej.AlgorythmTests;
				PRODUCT_NAME = "$(TARGET_NAME)";
				TEST_HOST = "$(BUILT_PRODUCTS_DIR)/Algorythm.app/Algorythm";
			};
			name = Debug;
		};
		AEC356CB1BC824B2004D08F1 /* Release */ = {
			isa = XCBuildConfiguration;
			buildSettings = {
				BUNDLE_LOADER = "$(TEST_HOST)";
				INFOPLIST_FILE = AlgorythmTests/Info.plist;
				LD_RUNPATH_SEARCH_PATHS = "$(inherited) @executable_path/Frameworks @loader_path/Frameworks";
				PRODUCT_BUNDLE_IDENTIFIER = com.pinej.AlgorythmTests;
				PRODUCT_NAME = "$(TARGET_NAME)";
				TEST_HOST = "$(BUILT_PRODUCTS_DIR)/Algorythm.app/Algorythm";
			};
			name = Release;
		};
		AEC356CD1BC824B2004D08F1 /* Debug */ = {
			isa = XCBuildConfiguration;
			buildSettings = {
				INFOPLIST_FILE = AlgorythmUITests/Info.plist;
				LD_RUNPATH_SEARCH_PATHS = "$(inherited) @executable_path/Frameworks @loader_path/Frameworks";
				PRODUCT_BUNDLE_IDENTIFIER = com.pinej.AlgorythmUITests;
				PRODUCT_NAME = "$(TARGET_NAME)";
				TEST_TARGET_NAME = Algorythm;
				USES_XCTRUNNER = YES;
			};
			name = Debug;
		};
		AEC356CE1BC824B2004D08F1 /* Release */ = {
			isa = XCBuildConfiguration;
			buildSettings = {
				INFOPLIST_FILE = AlgorythmUITests/Info.plist;
				LD_RUNPATH_SEARCH_PATHS = "$(inherited) @executable_path/Frameworks @loader_path/Frameworks";
				PRODUCT_BUNDLE_IDENTIFIER = com.pinej.AlgorythmUITests;
				PRODUCT_NAME = "$(TARGET_NAME)";
				TEST_TARGET_NAME = Algorythm;
				USES_XCTRUNNER = YES;
			};
			name = Release;
		};
/* End XCBuildConfiguration section */

/* Begin XCConfigurationList section */
		AEC356991BC824B2004D08F1 /* Build configuration list for PBXProject "Algorythm" */ = {
			isa = XCConfigurationList;
			buildConfigurations = (
				AEC356C41BC824B2004D08F1 /* Debug */,
				AEC356C51BC824B2004D08F1 /* Release */,
			);
			defaultConfigurationIsVisible = 0;
			defaultConfigurationName = Release;
		};
		AEC356C61BC824B2004D08F1 /* Build configuration list for PBXNativeTarget "Algorythm" */ = {
			isa = XCConfigurationList;
			buildConfigurations = (
				AEC356C71BC824B2004D08F1 /* Debug */,
				AEC356C81BC824B2004D08F1 /* Release */,
			);
			defaultConfigurationIsVisible = 0;
			defaultConfigurationName = Release;
		};
		AEC356C91BC824B2004D08F1 /* Build configuration list for PBXNativeTarget "AlgorythmTests" */ = {
			isa = XCConfigurationList;
			buildConfigurations = (
				AEC356CA1BC824B2004D08F1 /* Debug */,
				AEC356CB1BC824B2004D08F1 /* Release */,
			);
			defaultConfigurationIsVisible = 0;
			defaultConfigurationName = Release;
		};
		AEC356CC1BC824B2004D08F1 /* Build configuration list for PBXNativeTarget "AlgorythmUITests" */ = {
			isa = XCConfigurationList;
			buildConfigurations = (
				AEC356CD1BC824B2004D08F1 /* Debug */,
				AEC356CE1BC824B2004D08F1 /* Release */,
			);
			defaultConfigurationIsVisible = 0;
			defaultConfigurationName = Release;
		};
/* End XCConfigurationList section */
	};
	rootObject = AEC356961BC824B2004D08F1 /* Project object */;
}
